hash: a7ac8ca185d2ed826cd8feed5095d127f367fbb94f3aeb2520a2239c76a7be0c
updated: 2017-12-27T18:49:44.611642619+01:00
imports:
- name: github.com/alexflint/go-arg
  version: 59fccacb2679dde66e0b20ed65bd26178fcbf54e
- name: github.com/alexflint/go-scalar
  version: 45e5d6cd8605faef82fda2bacc59e734a0b6f1f0
- name: github.com/andersfylling/unison
  version: 7c9206ba4ba9c662d1ef7d6c518b2d303c2ff501
  subpackages:
  - constant
  - events
  - state
- name: github.com/boltdb/bolt
  version: 2f1ce7a837dcb8da3ec595b1dac9d0632f0f99e8
- name: github.com/bwmarrin/discordgo
  version: e6ed3d579b4a6d5e972f83583ff512813d07020d
- name: github.com/gorilla/websocket
  version: cdedf21e585dae942951e34d6defc3215b4280fa
- name: github.com/kballard/go-shellquote
  version: cd60e84ee657ff3dc51de0b4f55dd299a3e136f2
- name: github.com/Sirupsen/logrus
  version: ba1b36c82c5e05c4f912a88eab0dcd91a171688f
- name: golang.org/x/crypto
  version: d585fd2cc9195196078f516b69daff6744ef5e84
  subpackages:
  - nacl/secretbox
  - poly1305
  - salsa20/salsa
- name: golang.org/x/sys
  version: 83801418e1b59fb1880e363299581ee543af32ca
  subpackages:
  - unix
testImports: []
